
Microsoft Visual Studio Solution File, Format Version 12.00
# Visual Studio Version 16
VisualStudioVersion = 16.0.30621.155
MinimumVisualStudioVersion = 10.0.40219.1
Project("{8BC9CEB8-8B4A-11D0-8D11-00A0C91BC942}") = "WOrk21", "WOrk21\WOrk21.vcxproj", "{9EB532E2-1B68-4D27-91C8-B038967EA01E}"
EndProject
Global
	GlobalSection(SolutionConfigurationPlatforms) = preSolution
		Debug|x64 = Debug|x64
		Debug|x86 = Debug|x86
		Release|x64 = Release|x64
		Release|x86 = Release|x86
	EndGlobalSection
	GlobalSection(ProjectConfigurationPlatforms) = postSolution
		{9EB532E2-1B68-4D27-91C8-B038967EA01E}.Debug|x64.ActiveCfg = Debug|x64
		{9EB532E2-1B68-4D27-91C8-B038967EA01E}.Debug|x64.Build.0 = Debug|x64
		{9EB532E2-1B68-4D27-91C8-B038967EA01E}.Debug|x86.ActiveCfg = Debug|Win32
		{9EB532E2-1B68-4D27-91C8-B038967EA01E}.Debug|x86.Build.0 = Debug|Win32
		{9EB532E2-1B68-4D27-91C8-B038967EA01E}.Release|x64.ActiveCfg = Release|x64
		{9EB532E2-1B68-4D27-91C8-B038967EA01E}.Release|x64.Build.0 = Release|x64
		{9EB532E2-1B68-4D27-91C8-B038967EA01E}.Release|x86.ActiveCfg = Release|Win32
		{9EB532E2-1B68-4D27-91C8-B038967EA01E}.Release|x86.Build.0 = Release|Win32
	EndGlobalSection
	GlobalSection(SolutionProperties) = preSolution
		HideSolutionNode = FALSE
	EndGlobalSection
	GlobalSection(ExtensibilityGlobals) = postSolution
		SolutionGuid = {7073D421-FAD2-44A0-9C27-9C2C52B2DEBE}
	EndGlobalSection
EndGlobal
